
Microsoft Visual Studio Solution File, Format Version 12.00
# Visual Studio 15
VisualStudioVersion = 15.0.27428.2027
MinimumVisualStudioVersion = 10.0.40219.1
Project("{9A19103F-16F7-4668-BE54-9A1E7A4F7556}") = "ProjectOnlineMobile2", "ProjectOnlineMobile2\ProjectOnlineMobile2.csproj", "{443C7DC5-2881-4772-B693-EE3F9A46E0A1}"
EndProject
Project("{FAE04EC0-301F-11D3-BF4B-00C04F79EFBC}") = "ProjectOnlineMobile2.iOS", "ProjectOnlineMobile2.iOS\ProjectOnlineMobile2.iOS.csproj", "{6125367E-0465-4915-907A-47860404577D}"
EndProject
Project("{FAE04EC0-301F-11D3-BF4B-00C04F79EFBC}") = "ProjectOnlineMobile2.Droid", "ProjectOnlineMobile2.Droid\ProjectOnlineMobile2.Droid.csproj", "{09BE46ED-1102-43C4-96F4-BF8F336894BA}"
EndProject
Global
	GlobalSection(SolutionConfigurationPlatforms) = preSolution
		Debug|Any CPU = Debug|Any CPU
		Debug|iPhone = Debug|iPhone
		Debug|iPhoneSimulator = Debug|iPhoneSimulator
		Release|Any CPU = Release|Any CPU
		Release|iPhone = Release|iPhone
		Release|iPhoneSimulator = Release|iPhoneSimulator
	EndGlobalSection
	GlobalSection(ProjectConfigurationPlatforms) = postSolution
		{443C7DC5-2881-4772-B693-EE3F9A46E0A1}.Debug|Any CPU.ActiveCfg = Debug|Any CPU
		{443C7DC5-2881-4772-B693-EE3F9A46E0A1}.Debug|Any CPU.Build.0 = Debug|Any CPU
		{443C7DC5-2881-4772-B693-EE3F9A46E0A1}.Debug|iPhone.ActiveCfg = Debug|Any CPU
		{443C7DC5-2881-4772-B693-EE3F9A46E0A1}.Debug|iPhone.Build.0 = Debug|Any CPU
		{443C7DC5-2881-4772-B693-EE3F9A46E0A1}.Debug|iPhoneSimulator.ActiveCfg = Debug|Any CPU
		{443C7DC5-2881-4772-B693-EE3F9A46E0A1}.Debug|iPhoneSimulator.Build.0 = Debug|Any CPU
		{443C7DC5-2881-4772-B693-EE3F9A46E0A1}.Release|Any CPU.ActiveCfg = Release|Any CPU
		{443C7DC5-2881-4772-B693-EE3F9A46E0A1}.Release|Any CPU.Build.0 = Release|Any CPU
		{443C7DC5-2881-4772-B693-EE3F9A46E0A1}.Release|iPhone.ActiveCfg = Release|Any CPU
		{443C7DC5-2881-4772-B693-EE3F9A46E0A1}.Release|iPhone.Build.0 = Release|Any CPU
		{443C7DC5-2881-4772-B693-EE3F9A46E0A1}.Release|iPhoneSimulator.ActiveCfg = Release|Any CPU
		{443C7DC5-2881-4772-B693-EE3F9A46E0A1}.Release|iPhoneSimulator.Build.0 = Release|Any CPU
		{6125367E-0465-4915-907A-47860404577D}.Debug|Any CPU.ActiveCfg = Debug|iPhone
		{6125367E-0465-4915-907A-47860404577D}.Debug|iPhone.ActiveCfg = Debug|iPhone
		{6125367E-0465-4915-907A-47860404577D}.Debug|iPhone.Build.0 = Debug|iPhone
		{6125367E-0465-4915-907A-47860404577D}.Debug|iPhoneSimulator.ActiveCfg = Debug|iPhoneSimulator
		{6125367E-0465-4915-907A-47860404577D}.Debug|iPhoneSimulator.Build.0 = Debug|iPhoneSimulator
		{6125367E-0465-4915-907A-47860404577D}.Release|Any CPU.ActiveCfg = Release|iPhone
		{6125367E-0465-4915-907A-47860404577D}.Release|iPhone.ActiveCfg = Release|iPhone
		{6125367E-0465-4915-907A-47860404577D}.Release|iPhone.Build.0 = Release|iPhone
		{6125367E-0465-4915-907A-47860404577D}.Release|iPhoneSimulator.ActiveCfg = Release|iPhoneSimulator
		{6125367E-0465-4915-907A-47860404577D}.Release|iPhoneSimulator.Build.0 = Release|iPhoneSimulator
		{09BE46ED-1102-43C4-96F4-BF8F336894BA}.Debug|Any CPU.ActiveCfg = Debug|Any CPU
		{09BE46ED-1102-43C4-96F4-BF8F336894BA}.Debug|Any CPU.Build.0 = Debug|Any CPU
		{09BE46ED-1102-43C4-96F4-BF8F336894BA}.Debug|Any CPU.Deploy.0 = Debug|Any CPU
		{09BE46ED-1102-43C4-96F4-BF8F336894BA}.Debug|iPhone.ActiveCfg = Debug|Any CPU
		{09BE46ED-1102-43C4-96F4-BF8F336894BA}.Debug|iPhoneSimulator.ActiveCfg = Debug|Any CPU
		{09BE46ED-1102-43C4-96F4-BF8F336894BA}.Release|Any CPU.ActiveCfg = Release|Any CPU
		{09BE46ED-1102-43C4-96F4-BF8F336894BA}.Release|Any CPU.Build.0 = Release|Any CPU
		{09BE46ED-1102-43C4-96F4-BF8F336894BA}.Release|Any CPU.Deploy.0 = Release|Any CPU
		{09BE46ED-1102-43C4-96F4-BF8F336894BA}.Release|iPhone.ActiveCfg = Release|Any CPU
		{09BE46ED-1102-43C4-96F4-BF8F336894BA}.Release|iPhoneSimulator.ActiveCfg = Release|Any CPU
		{09BE46ED-1102-43C4-96F4-BF8F336894BA}.Release|iPhoneSimulator.Build.0 = Release|Any CPU
		{09BE46ED-1102-43C4-96F4-BF8F336894BA}.Release|iPhoneSimulator.Deploy.0 = Release|Any CPU
	EndGlobalSection
	GlobalSection(SolutionProperties) = preSolution
		HideSolutionNode = FALSE
	EndGlobalSection
	GlobalSection(ExtensibilityGlobals) = postSolution
		SolutionGuid = {2E06975F-C3F4-4D30-8BCA-988FFD7857D1}
	EndGlobalSection
EndGlobal
